Microsoft Visual Studio Solution File, Format Version 12.00
# Visual Studio Version 17
VisualStudioVersion = 17.5.2.0
MinimumVisualStudioVersion = 10.0.40219.1
Project("{FAE04EC0-301F-11D3-BF4B-00C04F79EFBC}") = "MinhaCalculadoraWeb", "MinhaCalculadoraWeb.csproj", "{DD5EFFEF-B3F1-976A-AF2B-375AB62928C2}"
EndProject
Global
	GlobalSection(SolutionConfigurationPlatforms) = preSolution
		Debug|Any CPU = Debug|Any CPU
		Release|Any CPU = Release|Any CPU
	EndGlobalSection
	GlobalSection(ProjectConfigurationPlatforms) = postSolution
		{DD5EFFEF-B3F1-976A-AF2B-375AB62928C2}.Debug|Any CPU.ActiveCfg = Debug|Any CPU
		{DD5EFFEF-B3F1-976A-AF2B-375AB62928C2}.Debug|Any CPU.Build.0 = Debug|Any CPU
		{DD5EFFEF-B3F1-976A-AF2B-375AB62928C2}.Release|Any CPU.ActiveCfg = Release|Any CPU
		{DD5EFFEF-B3F1-976A-AF2B-375AB62928C2}.Release|Any CPU.Build.0 = Release|Any CPU
	EndGlobalSection
	GlobalSection(SolutionProperties) = preSolution
		HideSolutionNode = FALSE
	EndGlobalSection
	GlobalSection(ExtensibilityGlobals) = postSolution
		SolutionGuid = {0C06C271-6AAB-41A8-86C3-8084064D211E}
	EndGlobalSection
EndGlobal
